
Microsoft Visual Studio Solution File, Format Version 12.00
# Visual Studio Version 17
VisualStudioVersion = 17.5.33530.505
MinimumVisualStudioVersion = 10.0.40219.1
Project("{FAE04EC0-301F-11D3-BF4B-00C04F79EFBC}") = "MiniPinterest.Web", "MiniPinterest.Web\MiniPinterest.Web.csproj", "{49E98B41-69F2-4735-9F26-92ABF1ABC4F4}"
EndProject
Global
	GlobalSection(SolutionConfigurationPlatforms) = preSolution
		Debug|Any CPU = Debug|Any CPU
		Release|Any CPU = Release|Any CPU
	EndGlobalSection
	GlobalSection(ProjectConfigurationPlatforms) = postSolution
		{49E98B41-69F2-4735-9F26-92ABF1ABC4F4}.Debug|Any CPU.ActiveCfg = Debug|Any CPU
		{49E98B41-69F2-4735-9F26-92ABF1ABC4F4}.Debug|Any CPU.Build.0 = Debug|Any CPU
		{49E98B41-69F2-4735-9F26-92ABF1ABC4F4}.Release|Any CPU.ActiveCfg = Release|Any CPU
		{49E98B41-69F2-4735-9F26-92ABF1ABC4F4}.Release|Any CPU.Build.0 = Release|Any CPU
	EndGlobalSection
	GlobalSection(SolutionProperties) = preSolution
		HideSolutionNode = FALSE
	EndGlobalSection
	GlobalSection(ExtensibilityGlobals) = postSolution
		SolutionGuid = {001ACF6B-D77C-4BF3-9C69-5D1DCCDEDE5E}
	EndGlobalSection
EndGlobal
